# This file is automatically @generated by Poetry 1.8.2 and should not be changed by hand.

[[package]]
name = "certifi"
version = "2024.2.2"
description = "Python package for providing Mozilla's CA Bundle."
optional = false
python-versions = ">=3.6"
files = [
    {file = "certifi-2024.2.2-py3-none-any.whl", hash = "sha256:dc383c07b76109f368f6106eee2b593b04a011ea4d55f652c6ca24a754d1cdd1"},
    {file = "certifi-2024.2.2.tar.gz", hash = "sha256:0569859f95fc761b18b45ef421b1290a0f65f147e92a1e5eb3e635f9a5e4e66f"},
]

[[package]]
name = "edgedb"
version = "1.9.0"
description = "EdgeDB Python driver"
optional = false
python-versions = ">=3.8"
files = [
    {file = "edgedb-1.9.0-cp310-cp310-macosx_10_9_x86_64.whl", hash = "sha256:8304a8e12988b5a367042a6fdf6f9607ab35a4d3c83bc754405981b550c1a91d"},
    {file = "edgedb-1.9.0-cp310-cp310-macosx_11_0_arm64.whl", hash = "sha256:a82374dd8390133e213979a7969839b1185eca8759f4c411d4e23c824ffd3700"},
    {file = "edgedb-1.9.0-cp310-cp310-manylinux_2_17_aarch64.manylinux2014_aarch64.whl", hash = "sha256:47a04d9ebed361dbbda32ff1bedf90c99c3311f85ff5f047373a1964ab944595"},
    {file = "edgedb-1.9.0-cp310-cp310-manylinux_2_17_x86_64.manylinux2014_x86_64.whl", hash = "sha256:73a260fe1aaa340950c6bac2c97210faf92c10562d340fe6fd2d155171ea862b"},
    {file = "edgedb-1.9.0-cp310-cp310-win_amd64.whl", hash = "sha256:19f66266b11891cbf9aa5f4402fbad4b85db53c5170bd3a3cbcc5cf0d4e3d6d1"},
    {file = "edgedb-1.9.0-cp311-cp311-macosx_10_9_x86_64.whl", hash = "sha256:7b241af68acb5e4108284180a728420a826099c1c9e00104b8cf0e7e923d7333"},
    {file = "edgedb-1.9.0-cp311-cp311-macosx_11_0_arm64.whl", hash = "sha256:1858d339edd57b026422b7f51ea023ffb8be4b69f762993fabc2e7f7e588eecd"},
    {file = "edgedb-1.9.0-cp311-cp311-manylinux_2_17_aarch64.manylinux2014_aarch64.whl", hash = "sha256:a87fc89425ca947874143b6eef79bdb6c20234cc407970eed80cb46156031e90"},
    {file = "edgedb-1.9.0-cp311-cp311-manylinux_2_17_x86_64.manylinux2014_x86_64.whl", hash = "sha256:c1989038c996ab4ebd765867cf81bcd87fc17d690e3b927342c65eb3f882fb94"},
    {file = "edgedb-1.9.0-cp311-cp311-win_amd64.whl", hash = "sha256:b56b5ce0bf502ff562ef549c78791b69aca49526d41c1ae3095b9ab70437bd09"},
    {file = "edgedb-1.9.0-cp38-cp38-macosx_10_9_x86_64.whl", hash = "sha256:17c7f83cc04848c645e5e8b7b0ca976c3b504b0aa541a62be8835102fdf99ded"},
    {file = "edgedb-1.9.0-cp38-cp38-macosx_11_0_arm64.whl", hash = "sha256:32db47c89db6397c1f06749ef6c86bdc84c209d1836c4cf395d60bbc24d0c1bd"},
    {file = "edgedb-1.9.0-cp38-cp38-manylinux_2_17_aarch64.manylinux2014_aarch64.whl", hash = "sha256:06f23e731b8cb00c5474f2d9d3f162ebdb1af7aa5f01f0e5eadf679ff2d5f806"},
    {file = "edgedb-1.9.0-cp38-cp38-manylinux_2_17_x86_64.manylinux2014_x86_64.whl", hash = "sha256:bfe6d80d8044cd5ea2662afb68e338b1d86f41a0cd02b53c9dd9abe1cfeab5b6"},
    {file = "edgedb-1.9.0-cp38-cp38-win_amd64.whl", hash = "sha256:fcfd84a3a5b962ec1e89765c05a2b5a83c9510fdfdf2ebf83a67013f21e243f7"},
    {file = "edgedb-1.9.0-cp39-cp39-macosx_10_9_x86_64.whl", hash = "sha256:7931ea4b72c5a39071de9b5e06a0cac8bf03ba2d8fda89a0b59f1f6647bc7fa3"},
    {file = "edgedb-1.9.0-cp39-cp39-macosx_11_0_arm64.whl", hash = "sha256:7a7da585c05de54351cee29cc7efae7d68eea23d5987cd4f2e508ddbfa6e48dc"},
    {file = "edgedb-1.9.0-cp39-cp39-manylinux_2_17_aarch64.manylinux2014_aarch64.whl", hash = "sha256:6747d6bd6b68751d3017a597f10ae85dfd1ccc9f49ccaced267c98f21e6d715d"},
    {file = "edgedb-1.9.0-cp39-cp39-manylinux_2_17_x86_64.manylinux2014_x86_64.whl", hash = "sha256:4d53daae685630bd81492e40f1b2f1ae931e038b41c4d4b97d6a5d48343fcf42"},
    {file = "edgedb-1.9.0-cp39-cp39-win_amd64.whl", hash = "sha256:b8f5be02dfbcace873145bb3847c9d8aa23252280757d90ef3636309f3e947eb"},
    {file = "edgedb-1.9.0.tar.gz", hash = "sha256:70da9f5d73f590b01b0a844a2ba9a4bff2a0e11630beeddae71592214c99ba06"},
]

[package.dependencies]
certifi = {version = ">=2021.5.30", markers = "platform_system == \"Windows\""}

[package.extras]
dev = ["Cython (>=0.29.24,<0.30.0)", "flake8 (>=3.8.1,<3.9.0)", "flake8-bugbear (>=21.4.3,<21.5.0)", "pycodestyle (>=2.6.0,<2.7.0)", "pyflakes (>=2.2.0,<2.3.0)", "pytest (>=3.6.0)", "sphinx (>=4.2.0,<4.3.0)", "sphinx-rtd-theme (>=1.0.0,<1.1.0)", "sphinxcontrib-asyncio (>=0.3.0,<0.4.0)", "uvloop (>=0.15.1)"]
docs = ["sphinx (>=4.2.0,<4.3.0)", "sphinx-rtd-theme (>=1.0.0,<1.1.0)", "sphinxcontrib-asyncio (>=0.3.0,<0.4.0)"]
test = ["flake8 (>=3.8.1,<3.9.0)", "flake8-bugbear (>=21.4.3,<21.5.0)", "pycodestyle (>=2.6.0,<2.7.0)", "pyflakes (>=2.2.0,<2.3.0)", "uvloop (>=0.15.1)"]

[metadata]
lock-version = "2.0"
python-versions = "^3.11"
content-hash = "584e9edf18f4e387552bb8d0eac5f29946948529ddc6579d66165946174698b5"
