# generated by rye
# use `rye lock` or `rye sync` to update this lockfile
#
# last locked with the following flags:
#   pre: false
#   features: []
#   all-features: false
#   with-sources: false
#   generate-hashes: false

astroid==3.2.2
    # via pylint
dill==0.3.8
    # via pylint
isort==5.13.2
    # via pylint
mccabe==0.7.0
    # via pylint
mypy==1.10.0
mypy-extensions==1.0.0
    # via mypy
platformdirs==4.2.2
    # via pylint
pylint==3.2.3
tomlkit==0.12.5
    # via pylint
typing-extensions==4.12.2
    # via mypy
